
Microsoft Visual Studio Solution File, Format Version 12.00
# Visual Studio 15
VisualStudioVersion = 15.0.26430.14
MinimumVisualStudioVersion = 10.0.40219.1
Project("{FAE04EC0-301F-11D3-BF4B-00C04F79EFBC}") = "Toci.Training.Teachers", "Toci.Training.Teachers\Toci.Training.Teachers.csproj", "{3CA7CA40-2437-4BEC-84C5-1A6455D5E0BA}"
EndProject
Project("{2150E333-8FDC-42A3-9474-1A3956D46DE8}") = "mangudaie", "mangudaie", "{9FB1AE10-37C9-4276-A3AD-4306EE481B46}"
EndProject
Project("{2150E333-8FDC-42A3-9474-1A3956D46DE8}") = "paladyni", "paladyni", "{48CC1F7F-DD1C-451E-9B50-E7C7066922BA}"
EndProject
Project("{FAE04EC0-301F-11D3-BF4B-00C04F79EFBC}") = "Toci.Training.MichalJ", "Toci.Training.MichalJ\Toci.Training.MichalJ.csproj", "{481ED3CF-3DC0-463D-8FFD-C8A222C1E570}"
EndProject
Project("{2150E333-8FDC-42A3-9474-1A3956D46DE8}") = "szwolezerowie", "szwolezerowie", "{931DE218-8311-4ECF-9B95-2A070DDA5B27}"
EndProject
Project("{FAE04EC0-301F-11D3-BF4B-00C04F79EFBC}") = "Toci.Training.DamianB", "Toci.Training.DamianB\Toci.Training.DamianB.csproj", "{C19D1528-94EA-4C87-8702-E9508312743A}"
EndProject
Project("{2150E333-8FDC-42A3-9474-1A3956D46DE8}") = "katafrakci", "katafrakci", "{6EAC7615-5475-46F9-ABFD-BA9A2A255CAD}"
EndProject
Project("{FAE04EC0-301F-11D3-BF4B-00C04F79EFBC}") = "Toci.Training.WojciechSeweryn", "Toci.Training.WojciechSeweryn\Toci.Training.WojciechSeweryn.csproj", "{347B7408-FF1A-4270-9CC3-F856293BD8BE}"
EndProject
Project("{FAE04EC0-301F-11D3-BF4B-00C04F79EFBC}") = "Toci.Training.TadeuszWieczkowski", "Toci.Training.TadeuszWieczkowski\Toci.Training.TadeuszWieczkowski.csproj", "{E555AF6D-9C98-4B49-866B-50511EB45774}"
EndProject
Project("{FAE04EC0-301F-11D3-BF4B-00C04F79EFBC}") = "Toci.Training.DarekBraula", "TociTraining.DarekBraula\Toci.Training.DarekBraula.csproj", "{94383451-7663-49B0-A1DE-A99C6A84B82E}"
EndProject
Project("{FAE04EC0-301F-11D3-BF4B-00C04F79EFBC}") = "Toci.Training.DominikDulinski", "Toci.Training.DominikDulinski\Toci.Training.DominikDulinski.csproj", "{1226116C-A7F5-4B19-AFB3-65CDD800977E}"
EndProject
Project("{FAE04EC0-301F-11D3-BF4B-00C04F79EFBC}") = "Toci.Training.JozefFranczak", "Toci.Training.JozefFranczak\Toci.Training.JozefFranczak.csproj", "{977EA161-EB18-42C0-9BB0-164B32B6CD97}"
Project("{2150E333-8FDC-42A3-9474-1A3956D46DE8}") = "arbalesci", "arbalesci", "{9F328D05-7232-443C-8B00-25B6580C5569}"
EndProject
Project("{FAE04EC0-301F-11D3-BF4B-00C04F79EFBC}") = "Toci.Training.Kamil", "Toci.Training.Kamil\Toci.Training.Kamil.csproj", "{26C28F17-BD3B-4593-A6A2-DCD421B19FD5}"
EndProject
Project("{FAE04EC0-301F-11D3-BF4B-00C04F79EFBC}") = "Toci.Training.BartekG", "Toci.Training.BartekG\Toci.Training.BartekG.csproj", "{B1D79ADF-9A95-4448-9FEA-BCE91308A1DF}"
EndProject
Project("{FAE04EC0-301F-11D3-BF4B-00C04F79EFBC}") = "Toci.Training.MateuszB", "Toci.Training.MateuszB\Toci.Training.MateuszB.csproj", "{F522DE7C-2C83-4DD8-9095-0E26E3872662}"
EndProject
Project("{FAE04EC0-301F-11D3-BF4B-00C04F79EFBC}") = "Toci.Traininig.Leon", "Toci.Traininig.Leon\Toci.Traininig.Leon.csproj", "{68ACE3B9-9632-42F0-B089-64A2CA5D6BAF}"
EndProject
Project("{2150E333-8FDC-42A3-9474-1A3956D46DE8}") = "DarekB", "DarekB", "{26C519F2-397B-48EC-8BBE-C15C196E7CDD}"
EndProject
Project("{FAE04EC0-301F-11D3-BF4B-00C04F79EFBC}") = "ConsoleAppTraining", "ConsoleAppTraining\ConsoleAppTraining.csproj", "{0D4F0B48-3780-43DB-95EE-35FEF6AFE0B8}"
EndProject
Project("{FAE04EC0-301F-11D3-BF4B-00C04F79EFBC}") = "Toci.Training.MarcinK", "Toci.Training.MarcinK\Toci.Training.MarcinK.csproj", "{B6A1BF05-F28F-4C43-AC23-CBBB1F3CD39F}"
EndProject
Global
	GlobalSection(SolutionConfigurationPlatforms) = preSolution
		Debug|Any CPU = Debug|Any CPU
		Release|Any CPU = Release|Any CPU
	EndGlobalSection
	GlobalSection(ProjectConfigurationPlatforms) = postSolution
		{3CA7CA40-2437-4BEC-84C5-1A6455D5E0BA}.Debug|Any CPU.ActiveCfg = Debug|Any CPU
		{3CA7CA40-2437-4BEC-84C5-1A6455D5E0BA}.Debug|Any CPU.Build.0 = Debug|Any CPU
		{3CA7CA40-2437-4BEC-84C5-1A6455D5E0BA}.Release|Any CPU.ActiveCfg = Release|Any CPU
		{3CA7CA40-2437-4BEC-84C5-1A6455D5E0BA}.Release|Any CPU.Build.0 = Release|Any CPU
		{481ED3CF-3DC0-463D-8FFD-C8A222C1E570}.Debug|Any CPU.ActiveCfg = Debug|Any CPU
		{481ED3CF-3DC0-463D-8FFD-C8A222C1E570}.Debug|Any CPU.Build.0 = Debug|Any CPU
		{481ED3CF-3DC0-463D-8FFD-C8A222C1E570}.Release|Any CPU.ActiveCfg = Release|Any CPU
		{481ED3CF-3DC0-463D-8FFD-C8A222C1E570}.Release|Any CPU.Build.0 = Release|Any CPU
		{347B7408-FF1A-4270-9CC3-F856293BD8BE}.Debug|Any CPU.ActiveCfg = Debug|Any CPU
		{347B7408-FF1A-4270-9CC3-F856293BD8BE}.Debug|Any CPU.Build.0 = Debug|Any CPU
		{347B7408-FF1A-4270-9CC3-F856293BD8BE}.Release|Any CPU.ActiveCfg = Release|Any CPU
		{347B7408-FF1A-4270-9CC3-F856293BD8BE}.Release|Any CPU.Build.0 = Release|Any CPU
		{E555AF6D-9C98-4B49-866B-50511EB45774}.Debug|Any CPU.ActiveCfg = Debug|Any CPU
		{E555AF6D-9C98-4B49-866B-50511EB45774}.Debug|Any CPU.Build.0 = Debug|Any CPU
		{E555AF6D-9C98-4B49-866B-50511EB45774}.Release|Any CPU.ActiveCfg = Release|Any CPU
		{E555AF6D-9C98-4B49-866B-50511EB45774}.Release|Any CPU.Build.0 = Release|Any CPU
		{94383451-7663-49B0-A1DE-A99C6A84B82E}.Debug|Any CPU.ActiveCfg = Debug|Any CPU
		{94383451-7663-49B0-A1DE-A99C6A84B82E}.Debug|Any CPU.Build.0 = Debug|Any CPU
		{94383451-7663-49B0-A1DE-A99C6A84B82E}.Release|Any CPU.ActiveCfg = Release|Any CPU
		{94383451-7663-49B0-A1DE-A99C6A84B82E}.Release|Any CPU.Build.0 = Release|Any CPU
		{1226116C-A7F5-4B19-AFB3-65CDD800977E}.Debug|Any CPU.ActiveCfg = Debug|Any CPU
		{1226116C-A7F5-4B19-AFB3-65CDD800977E}.Debug|Any CPU.Build.0 = Debug|Any CPU
		{1226116C-A7F5-4B19-AFB3-65CDD800977E}.Release|Any CPU.ActiveCfg = Release|Any CPU
		{1226116C-A7F5-4B19-AFB3-65CDD800977E}.Release|Any CPU.Build.0 = Release|Any CPU
		{977EA161-EB18-42C0-9BB0-164B32B6CD97}.Debug|Any CPU.ActiveCfg = Debug|Any CPU
		{977EA161-EB18-42C0-9BB0-164B32B6CD97}.Debug|Any CPU.Build.0 = Debug|Any CPU
		{977EA161-EB18-42C0-9BB0-164B32B6CD97}.Release|Any CPU.ActiveCfg = Release|Any CPU
		{977EA161-EB18-42C0-9BB0-164B32B6CD97}.Release|Any CPU.Build.0 = Release|Any CPU
		{C19D1528-94EA-4C87-8702-E9508312743A}.Debug|Any CPU.ActiveCfg = Debug|Any CPU
		{C19D1528-94EA-4C87-8702-E9508312743A}.Debug|Any CPU.Build.0 = Debug|Any CPU
		{C19D1528-94EA-4C87-8702-E9508312743A}.Release|Any CPU.ActiveCfg = Release|Any CPU
		{C19D1528-94EA-4C87-8702-E9508312743A}.Release|Any CPU.Build.0 = Release|Any CPU
		{26C28F17-BD3B-4593-A6A2-DCD421B19FD5}.Debug|Any CPU.ActiveCfg = Debug|Any CPU
		{26C28F17-BD3B-4593-A6A2-DCD421B19FD5}.Debug|Any CPU.Build.0 = Debug|Any CPU
		{26C28F17-BD3B-4593-A6A2-DCD421B19FD5}.Release|Any CPU.ActiveCfg = Release|Any CPU
		{26C28F17-BD3B-4593-A6A2-DCD421B19FD5}.Release|Any CPU.Build.0 = Release|Any CPU
		{B1D79ADF-9A95-4448-9FEA-BCE91308A1DF}.Debug|Any CPU.ActiveCfg = Debug|Any CPU
		{B1D79ADF-9A95-4448-9FEA-BCE91308A1DF}.Debug|Any CPU.Build.0 = Debug|Any CPU
		{B1D79ADF-9A95-4448-9FEA-BCE91308A1DF}.Release|Any CPU.ActiveCfg = Release|Any CPU
		{B1D79ADF-9A95-4448-9FEA-BCE91308A1DF}.Release|Any CPU.Build.0 = Release|Any CPU
		{F522DE7C-2C83-4DD8-9095-0E26E3872662}.Debug|Any CPU.ActiveCfg = Debug|Any CPU
		{F522DE7C-2C83-4DD8-9095-0E26E3872662}.Debug|Any CPU.Build.0 = Debug|Any CPU
		{F522DE7C-2C83-4DD8-9095-0E26E3872662}.Release|Any CPU.ActiveCfg = Release|Any CPU
		{F522DE7C-2C83-4DD8-9095-0E26E3872662}.Release|Any CPU.Build.0 = Release|Any CPU
		{68ACE3B9-9632-42F0-B089-64A2CA5D6BAF}.Debug|Any CPU.ActiveCfg = Debug|Any CPU
		{68ACE3B9-9632-42F0-B089-64A2CA5D6BAF}.Debug|Any CPU.Build.0 = Debug|Any CPU
		{68ACE3B9-9632-42F0-B089-64A2CA5D6BAF}.Release|Any CPU.ActiveCfg = Release|Any CPU
		{68ACE3B9-9632-42F0-B089-64A2CA5D6BAF}.Release|Any CPU.Build.0 = Release|Any CPU
		{0D4F0B48-3780-43DB-95EE-35FEF6AFE0B8}.Debug|Any CPU.ActiveCfg = Debug|Any CPU
		{0D4F0B48-3780-43DB-95EE-35FEF6AFE0B8}.Debug|Any CPU.Build.0 = Debug|Any CPU
		{0D4F0B48-3780-43DB-95EE-35FEF6AFE0B8}.Release|Any CPU.ActiveCfg = Release|Any CPU
		{0D4F0B48-3780-43DB-95EE-35FEF6AFE0B8}.Release|Any CPU.Build.0 = Release|Any CPU
		{B6A1BF05-F28F-4C43-AC23-CBBB1F3CD39F}.Debug|Any CPU.ActiveCfg = Debug|Any CPU
		{B6A1BF05-F28F-4C43-AC23-CBBB1F3CD39F}.Debug|Any CPU.Build.0 = Debug|Any CPU
		{B6A1BF05-F28F-4C43-AC23-CBBB1F3CD39F}.Release|Any CPU.ActiveCfg = Release|Any CPU
		{B6A1BF05-F28F-4C43-AC23-CBBB1F3CD39F}.Release|Any CPU.Build.0 = Release|Any CPU

	EndGlobalSection
	GlobalSection(SolutionProperties) = preSolution
		HideSolutionNode = FALSE
	EndGlobalSection
	GlobalSection(NestedProjects) = preSolution
		{481ED3CF-3DC0-463D-8FFD-C8A222C1E570} = {48CC1F7F-DD1C-451E-9B50-E7C7066922BA}
		{347B7408-FF1A-4270-9CC3-F856293BD8BE} = {6EAC7615-5475-46F9-ABFD-BA9A2A255CAD}
		{E555AF6D-9C98-4B49-866B-50511EB45774} = {6EAC7615-5475-46F9-ABFD-BA9A2A255CAD}
		{94383451-7663-49B0-A1DE-A99C6A84B82E} = {6EAC7615-5475-46F9-ABFD-BA9A2A255CAD}
		{1226116C-A7F5-4B19-AFB3-65CDD800977E} = {6EAC7615-5475-46F9-ABFD-BA9A2A255CAD}
		{977EA161-EB18-42C0-9BB0-164B32B6CD97} = {6EAC7615-5475-46F9-ABFD-BA9A2A255CAD}
		{C19D1528-94EA-4C87-8702-E9508312743A} = {931DE218-8311-4ECF-9B95-2A070DDA5B27}
		{26C28F17-BD3B-4593-A6A2-DCD421B19FD5} = {9F328D05-7232-443C-8B00-25B6580C5569}
		{B1D79ADF-9A95-4448-9FEA-BCE91308A1DF} = {9FB1AE10-37C9-4276-A3AD-4306EE481B46}
		{F522DE7C-2C83-4DD8-9095-0E26E3872662} = {48CC1F7F-DD1C-451E-9B50-E7C7066922BA}
		{68ACE3B9-9632-42F0-B089-64A2CA5D6BAF} = {9FB1AE10-37C9-4276-A3AD-4306EE481B46}
		{26C519F2-397B-48EC-8BBE-C15C196E7CDD} = {6EAC7615-5475-46F9-ABFD-BA9A2A255CAD}
		{0D4F0B48-3780-43DB-95EE-35FEF6AFE0B8} = {26C519F2-397B-48EC-8BBE-C15C196E7CDD}
		{B6A1BF05-F28F-4C43-AC23-CBBB1F3CD39F} = {9FB1AE10-37C9-4276-A3AD-4306EE481B46}
	EndGlobalSection
EndGlobal
