
Microsoft Visual Studio Solution File, Format Version 12.00
# Visual Studio 15
VisualStudioVersion = 15.0.26430.12
MinimumVisualStudioVersion = 10.0.40219.1
Project("{FAE04EC0-301F-11D3-BF4B-00C04F79EFBC}") = "Toci.Training.Teachers", "Toci.Training.Teachers\Toci.Training.Teachers.csproj", "{3CA7CA40-2437-4BEC-84C5-1A6455D5E0BA}"
EndProject
Project("{2150E333-8FDC-42A3-9474-1A3956D46DE8}") = "mangudaie", "mangudaie", "{9FB1AE10-37C9-4276-A3AD-4306EE481B46}"
EndProject
Global
	GlobalSection(SolutionConfigurationPlatforms) = preSolution
		Debug|Any CPU = Debug|Any CPU
		Release|Any CPU = Release|Any CPU
	EndGlobalSection
	GlobalSection(ProjectConfigurationPlatforms) = postSolution
		{3CA7CA40-2437-4BEC-84C5-1A6455D5E0BA}.Debug|Any CPU.ActiveCfg = Debug|Any CPU
		{3CA7CA40-2437-4BEC-84C5-1A6455D5E0BA}.Debug|Any CPU.Build.0 = Debug|Any CPU
		{3CA7CA40-2437-4BEC-84C5-1A6455D5E0BA}.Release|Any CPU.ActiveCfg = Release|Any CPU
		{3CA7CA40-2437-4BEC-84C5-1A6455D5E0BA}.Release|Any CPU.Build.0 = Release|Any CPU
	EndGlobalSection
	GlobalSection(SolutionProperties) = preSolution
		HideSolutionNode = FALSE
	EndGlobalSection
EndGlobal
