
Microsoft Visual Studio Solution File, Format Version 12.00
# Visual Studio 15
VisualStudioVersion = 15.0.26403.7
MinimumVisualStudioVersion = 10.0.40219.1
Project("{FAE04EC0-301F-11D3-BF4B-00C04F79EFBC}") = "Toci.Training.Teachers", "Toci.Training.Teachers\Toci.Training.Teachers.csproj", "{3CA7CA40-2437-4BEC-84C5-1A6455D5E0BA}"
EndProject
Project("{2150E333-8FDC-42A3-9474-1A3956D46DE8}") = "paladyni", "paladyni", "{48CC1F7F-DD1C-451E-9B50-E7C7066922BA}"
EndProject
Project("{FAE04EC0-301F-11D3-BF4B-00C04F79EFBC}") = "Toci.Training.MichalJ", "Toci.Training.MichalJ\Toci.Training.MichalJ.csproj", "{481ED3CF-3DC0-463D-8FFD-C8A222C1E570}"
EndProject
Project("{2150E333-8FDC-42A3-9474-1A3956D46DE8}") = "szwolezerowie", "szwolezerowie", "{931DE218-8311-4ECF-9B95-2A070DDA5B27}"
EndProject
Project("{FAE04EC0-301F-11D3-BF4B-00C04F79EFBC}") = "Toci.Training.DamianB", "Toci.Training.DamianB\Toci.Training.DamianB.csproj", "{C19D1528-94EA-4C87-8702-E9508312743A}"
EndProject
Global
	GlobalSection(SolutionConfigurationPlatforms) = preSolution
		Debug|Any CPU = Debug|Any CPU
		Release|Any CPU = Release|Any CPU
	EndGlobalSection
	GlobalSection(ProjectConfigurationPlatforms) = postSolution
		{3CA7CA40-2437-4BEC-84C5-1A6455D5E0BA}.Debug|Any CPU.ActiveCfg = Debug|Any CPU
		{3CA7CA40-2437-4BEC-84C5-1A6455D5E0BA}.Debug|Any CPU.Build.0 = Debug|Any CPU
		{3CA7CA40-2437-4BEC-84C5-1A6455D5E0BA}.Release|Any CPU.ActiveCfg = Release|Any CPU
		{3CA7CA40-2437-4BEC-84C5-1A6455D5E0BA}.Release|Any CPU.Build.0 = Release|Any CPU
		{481ED3CF-3DC0-463D-8FFD-C8A222C1E570}.Debug|Any CPU.ActiveCfg = Debug|Any CPU
		{481ED3CF-3DC0-463D-8FFD-C8A222C1E570}.Debug|Any CPU.Build.0 = Debug|Any CPU
		{481ED3CF-3DC0-463D-8FFD-C8A222C1E570}.Release|Any CPU.ActiveCfg = Release|Any CPU
		{481ED3CF-3DC0-463D-8FFD-C8A222C1E570}.Release|Any CPU.Build.0 = Release|Any CPU
		{C19D1528-94EA-4C87-8702-E9508312743A}.Debug|Any CPU.ActiveCfg = Debug|Any CPU
		{C19D1528-94EA-4C87-8702-E9508312743A}.Debug|Any CPU.Build.0 = Debug|Any CPU
		{C19D1528-94EA-4C87-8702-E9508312743A}.Release|Any CPU.ActiveCfg = Release|Any CPU
		{C19D1528-94EA-4C87-8702-E9508312743A}.Release|Any CPU.Build.0 = Release|Any CPU
	EndGlobalSection
	GlobalSection(SolutionProperties) = preSolution
		HideSolutionNode = FALSE
	EndGlobalSection
	GlobalSection(NestedProjects) = preSolution
		{481ED3CF-3DC0-463D-8FFD-C8A222C1E570} = {48CC1F7F-DD1C-451E-9B50-E7C7066922BA}
		{C19D1528-94EA-4C87-8702-E9508312743A} = {931DE218-8311-4ECF-9B95-2A070DDA5B27}
	EndGlobalSection
EndGlobal
