
Microsoft Visual Studio Solution File, Format Version 12.00
# Visual Studio 15
VisualStudioVersion = 15.0.26430.14
MinimumVisualStudioVersion = 10.0.40219.1
Project("{FAE04EC0-301F-11D3-BF4B-00C04F79EFBC}") = "Toci.Training.Teachers", "Toci.Training.Teachers\Toci.Training.Teachers.csproj", "{3CA7CA40-2437-4BEC-84C5-1A6455D5E0BA}"
EndProject
Project("{2150E333-8FDC-42A3-9474-1A3956D46DE8}") = "mangudaie", "mangudaie", "{9FB1AE10-37C9-4276-A3AD-4306EE481B46}"
EndProject
Project("{2150E333-8FDC-42A3-9474-1A3956D46DE8}") = "paladyni", "paladyni", "{48CC1F7F-DD1C-451E-9B50-E7C7066922BA}"
EndProject
Project("{FAE04EC0-301F-11D3-BF4B-00C04F79EFBC}") = "Toci.Training.MichalJ", "Toci.Training.MichalJ\Toci.Training.MichalJ.csproj", "{481ED3CF-3DC0-463D-8FFD-C8A222C1E570}"
EndProject
Project("{2150E333-8FDC-42A3-9474-1A3956D46DE8}") = "szwolezerowie", "szwolezerowie", "{931DE218-8311-4ECF-9B95-2A070DDA5B27}"
EndProject
Project("{FAE04EC0-301F-11D3-BF4B-00C04F79EFBC}") = "Toci.Training.DamianB", "Toci.Training.DamianB\Toci.Training.DamianB.csproj", "{C19D1528-94EA-4C87-8702-E9508312743A}"
EndProject
Project("{2150E333-8FDC-42A3-9474-1A3956D46DE8}") = "katafrakci", "katafrakci", "{6EAC7615-5475-46F9-ABFD-BA9A2A255CAD}"
EndProject
Project("{FAE04EC0-301F-11D3-BF4B-00C04F79EFBC}") = "Toci.Training.WojciechSeweryn", "Toci.Training.WojciechSeweryn\Toci.Training.WojciechSeweryn.csproj", "{347B7408-FF1A-4270-9CC3-F856293BD8BE}"
EndProject
Project("{FAE04EC0-301F-11D3-BF4B-00C04F79EFBC}") = "Toci.Training.TadeuszWieczkowski", "Toci.Training.TadeuszWieczkowski\Toci.Training.TadeuszWieczkowski.csproj", "{E555AF6D-9C98-4B49-866B-50511EB45774}"
EndProject
Project("{FAE04EC0-301F-11D3-BF4B-00C04F79EFBC}") = "Toci.Training.DarekBraula", "TociTraining.DarekBraula\Toci.Training.DarekBraula.csproj", "{94383451-7663-49B0-A1DE-A99C6A84B82E}"
EndProject
Project("{FAE04EC0-301F-11D3-BF4B-00C04F79EFBC}") = "Toci.Training.DominikDulinski", "Toci.Training.DominikDulinski\Toci.Training.DominikDulinski.csproj", "{1226116C-A7F5-4B19-AFB3-65CDD800977E}"
EndProject
Project("{FAE04EC0-301F-11D3-BF4B-00C04F79EFBC}") = "Toci.Training.JozefFranczak", "Toci.Training.JozefFranczak\Toci.Training.JozefFranczak.csproj", "{977EA161-EB18-42C0-9BB0-164B32B6CD97}"
EndProject
Project("{2150E333-8FDC-42A3-9474-1A3956D46DE8}") = "arbalesci", "arbalesci", "{9F328D05-7232-443C-8B00-25B6580C5569}"
EndProject
Project("{FAE04EC0-301F-11D3-BF4B-00C04F79EFBC}") = "Toci.Training.Kamil", "Toci.Training.Kamil\Toci.Training.Kamil.csproj", "{26C28F17-BD3B-4593-A6A2-DCD421B19FD5}"
EndProject
Project("{FAE04EC0-301F-11D3-BF4B-00C04F79EFBC}") = "Toci.Training.BartekG", "Toci.Training.BartekG\Toci.Training.BartekG.csproj", "{B1D79ADF-9A95-4448-9FEA-BCE91308A1DF}"
EndProject
Project("{FAE04EC0-301F-11D3-BF4B-00C04F79EFBC}") = "Toci.Training.MateuszB", "Toci.Training.MateuszB\Toci.Training.MateuszB.csproj", "{F522DE7C-2C83-4DD8-9095-0E26E3872662}"
EndProject
Project("{FAE04EC0-301F-11D3-BF4B-00C04F79EFBC}") = "Toci.Traininig.Leon", "Toci.Traininig.Leon\Toci.Traininig.Leon.csproj", "{68ACE3B9-9632-42F0-B089-64A2CA5D6BAF}"
EndProject
Project("{FAE04EC0-301F-11D3-BF4B-00C04F79EFBC}") = "Toci.Training.LukaszJ", "Toci.Training.LukaszJ\Toci.Training.LukaszJ.csproj", "{53E7CFEE-9887-4A15-B0B5-6ACAD2E16A7D}"
EndProject
Project("{FAE04EC0-301F-11D3-BF4B-00C04F79EFBC}") = "Toci.Training.MarcinK", "Toci.Training.MarcinK\Toci.Training.MarcinK.csproj", "{B6A1BF05-F28F-4C43-AC23-CBBB1F3CD39F}"
EndProject
Project("{FAE04EC0-301F-11D3-BF4B-00C04F79EFBC}") = "Toci.Training.KamilP", "Toci.Training.KamilP\Toci.Training.KamilP.csproj", "{19B7EAD4-366C-4A12-B527-F206BCB25393}"
EndProject
Project("{FAE04EC0-301F-11D3-BF4B-00C04F79EFBC}") = "Toci.Training.MichalK", "Toci.Training.MichalK\Toci.Training.MichalK.csproj", "{8FCD8476-6560-40BC-83D9-B5720A3B3857}"
EndProject
Project("{FAE04EC0-301F-11D3-BF4B-00C04F79EFBC}") = "Toci.Training.AngelikaW", "Toci.Training.AngelikaW\Toci.Training.AngelikaW.csproj", "{09E228C6-0B89-4080-B600-F83131BAC726}"
EndProject
Project("{FAE04EC0-301F-11D3-BF4B-00C04F79EFBC}") = "Toci.Training.Edwin", "Toci.Training.Edwin\Toci.Training.Edwin.csproj", "{02674FEC-C75F-4D45-8FC3-40E66E76D86C}"
EndProject
Project("{FAE04EC0-301F-11D3-BF4B-00C04F79EFBC}") = "Toci.Training.MichalW", "Toci.Training.MichalW\Toci.Training.MichalW.csproj", "{3BCF4B47-2568-4064-A182-4270B0C86F0D}"
EndProject
Project("{2150E333-8FDC-42A3-9474-1A3956D46DE8}") = "berserki", "berserki", "{C46BB3E3-3328-400B-BEE4-BD18E1BE4F29}"
EndProject
Project("{FAE04EC0-301F-11D3-BF4B-00C04F79EFBC}") = "Toci.Training.Peter", "Toci.Training.Peter\Toci.Training.Peter.csproj", "{AD0AABE3-0A77-4E03-A790-287B5B61F1E8}"
EndProject
Project("{FAE04EC0-301F-11D3-BF4B-00C04F79EFBC}") = "Toci.Training.Kafar", "Toci.Training.Kafar\Toci.Training.Kafar.csproj", "{FD34160E-26A1-4A44-84AB-E84EEF846FEE}"
EndProject
Project("{FAE04EC0-301F-11D3-BF4B-00C04F79EFBC}") = "Toci.Training.PatrykK", "Toci.Training.PatrykK\Toci.Training.PatrykK.csproj", "{E6167B8D-2E5E-4C96-9C6D-A0102962F945}"
EndProject
Project("{FAE04EC0-301F-11D3-BF4B-00C04F79EFBC}") = "Toci.Training.MirekSz", "Toci.Training.MirekSz\Toci.Training.MirekSz.csproj", "{EE97BC9A-729D-496B-8EF0-CA64F5D97333}"
EndProject
Project("{FAE04EC0-301F-11D3-BF4B-00C04F79EFBC}") = "Toci.Training.PawelK", "Toci.Training.PawelK\Toci.Training.PawelK.csproj", "{13B2FC49-CC80-4333-9BBD-4A378B1FA22A}"
EndProject
Project("{FAE04EC0-301F-11D3-BF4B-00C04F79EFBC}") = "Toci.Teachers.PiotrK", "Toci.Teachers.PiotrK\Toci.Teachers.PiotrK.csproj", "{16881948-8EE9-478F-8A3F-3ED2A8C088FF}"
EndProject
Project("{FAE04EC0-301F-11D3-BF4B-00C04F79EFBC}") = "Toci.Training.LeszekS", "Toci.Training.LeszekS\Toci.Training.LeszekS.csproj", "{9485DDD7-78A2-40BD-BC4C-D3A47625A858}"
EndProject
Project("{FAE04EC0-301F-11D3-BF4B-00C04F79EFBC}") = "Toci.Training.Teachers.Tests", "Toci.Training.Teachers.Tests\Toci.Training.Teachers.Tests.csproj", "{86D62BEC-076E-4F41-B6CC-FD2B5FE5B038}"
EndProject
Project("{FAE04EC0-301F-11D3-BF4B-00C04F79EFBC}") = "Toci.Training.IzaN", "Toci.Training.IzaN\Toci.Training.IzaN.csproj", "{60E5C727-A5E9-446D-9489-F4F60165952E}"
EndProject
Project("{2150E333-8FDC-42A3-9474-1A3956D46DE8}") = "DarekB", "DarekB", "{F5CF4EBA-3551-405A-A89E-844B8880FF32}"
EndProject
Project("{2150E333-8FDC-42A3-9474-1A3956D46DE8}") = "Saper", "Saper", "{3E3B1EF7-AE84-4D02-ABF2-ECF68FE2EF44}"
EndProject
Project("{FAE04EC0-301F-11D3-BF4B-00C04F79EFBC}") = "Saper", "Saper\Saper.csproj", "{2834C053-83A8-489B-974D-DD4753527859}"
EndProject
Global
	GlobalSection(SolutionConfigurationPlatforms) = preSolution
		Debug|Any CPU = Debug|Any CPU
		Release|Any CPU = Release|Any CPU
	EndGlobalSection
	GlobalSection(ProjectConfigurationPlatforms) = postSolution
		{3CA7CA40-2437-4BEC-84C5-1A6455D5E0BA}.Debug|Any CPU.ActiveCfg = Debug|Any CPU
		{3CA7CA40-2437-4BEC-84C5-1A6455D5E0BA}.Debug|Any CPU.Build.0 = Debug|Any CPU
		{3CA7CA40-2437-4BEC-84C5-1A6455D5E0BA}.Release|Any CPU.ActiveCfg = Release|Any CPU
		{3CA7CA40-2437-4BEC-84C5-1A6455D5E0BA}.Release|Any CPU.Build.0 = Release|Any CPU
		{481ED3CF-3DC0-463D-8FFD-C8A222C1E570}.Debug|Any CPU.ActiveCfg = Debug|Any CPU
		{481ED3CF-3DC0-463D-8FFD-C8A222C1E570}.Debug|Any CPU.Build.0 = Debug|Any CPU
		{481ED3CF-3DC0-463D-8FFD-C8A222C1E570}.Release|Any CPU.ActiveCfg = Release|Any CPU
		{481ED3CF-3DC0-463D-8FFD-C8A222C1E570}.Release|Any CPU.Build.0 = Release|Any CPU
		{C19D1528-94EA-4C87-8702-E9508312743A}.Debug|Any CPU.ActiveCfg = Debug|Any CPU
		{C19D1528-94EA-4C87-8702-E9508312743A}.Debug|Any CPU.Build.0 = Debug|Any CPU
		{C19D1528-94EA-4C87-8702-E9508312743A}.Release|Any CPU.ActiveCfg = Release|Any CPU
		{C19D1528-94EA-4C87-8702-E9508312743A}.Release|Any CPU.Build.0 = Release|Any CPU
		{347B7408-FF1A-4270-9CC3-F856293BD8BE}.Debug|Any CPU.ActiveCfg = Debug|Any CPU
		{347B7408-FF1A-4270-9CC3-F856293BD8BE}.Debug|Any CPU.Build.0 = Debug|Any CPU
		{347B7408-FF1A-4270-9CC3-F856293BD8BE}.Release|Any CPU.ActiveCfg = Release|Any CPU
		{347B7408-FF1A-4270-9CC3-F856293BD8BE}.Release|Any CPU.Build.0 = Release|Any CPU
		{E555AF6D-9C98-4B49-866B-50511EB45774}.Debug|Any CPU.ActiveCfg = Debug|Any CPU
		{E555AF6D-9C98-4B49-866B-50511EB45774}.Debug|Any CPU.Build.0 = Debug|Any CPU
		{E555AF6D-9C98-4B49-866B-50511EB45774}.Release|Any CPU.ActiveCfg = Release|Any CPU
		{E555AF6D-9C98-4B49-866B-50511EB45774}.Release|Any CPU.Build.0 = Release|Any CPU
		{94383451-7663-49B0-A1DE-A99C6A84B82E}.Debug|Any CPU.ActiveCfg = Debug|Any CPU
		{94383451-7663-49B0-A1DE-A99C6A84B82E}.Debug|Any CPU.Build.0 = Debug|Any CPU
		{94383451-7663-49B0-A1DE-A99C6A84B82E}.Release|Any CPU.ActiveCfg = Release|Any CPU
		{94383451-7663-49B0-A1DE-A99C6A84B82E}.Release|Any CPU.Build.0 = Release|Any CPU
		{1226116C-A7F5-4B19-AFB3-65CDD800977E}.Debug|Any CPU.ActiveCfg = Debug|Any CPU
		{1226116C-A7F5-4B19-AFB3-65CDD800977E}.Debug|Any CPU.Build.0 = Debug|Any CPU
		{1226116C-A7F5-4B19-AFB3-65CDD800977E}.Release|Any CPU.ActiveCfg = Release|Any CPU
		{1226116C-A7F5-4B19-AFB3-65CDD800977E}.Release|Any CPU.Build.0 = Release|Any CPU
		{977EA161-EB18-42C0-9BB0-164B32B6CD97}.Debug|Any CPU.ActiveCfg = Debug|Any CPU
		{977EA161-EB18-42C0-9BB0-164B32B6CD97}.Debug|Any CPU.Build.0 = Debug|Any CPU
		{977EA161-EB18-42C0-9BB0-164B32B6CD97}.Release|Any CPU.ActiveCfg = Release|Any CPU
		{977EA161-EB18-42C0-9BB0-164B32B6CD97}.Release|Any CPU.Build.0 = Release|Any CPU
		{26C28F17-BD3B-4593-A6A2-DCD421B19FD5}.Debug|Any CPU.ActiveCfg = Debug|Any CPU
		{26C28F17-BD3B-4593-A6A2-DCD421B19FD5}.Debug|Any CPU.Build.0 = Debug|Any CPU
		{26C28F17-BD3B-4593-A6A2-DCD421B19FD5}.Release|Any CPU.ActiveCfg = Release|Any CPU
		{26C28F17-BD3B-4593-A6A2-DCD421B19FD5}.Release|Any CPU.Build.0 = Release|Any CPU
		{B1D79ADF-9A95-4448-9FEA-BCE91308A1DF}.Debug|Any CPU.ActiveCfg = Debug|Any CPU
		{B1D79ADF-9A95-4448-9FEA-BCE91308A1DF}.Debug|Any CPU.Build.0 = Debug|Any CPU
		{B1D79ADF-9A95-4448-9FEA-BCE91308A1DF}.Release|Any CPU.ActiveCfg = Release|Any CPU
		{B1D79ADF-9A95-4448-9FEA-BCE91308A1DF}.Release|Any CPU.Build.0 = Release|Any CPU
		{F522DE7C-2C83-4DD8-9095-0E26E3872662}.Debug|Any CPU.ActiveCfg = Debug|Any CPU
		{F522DE7C-2C83-4DD8-9095-0E26E3872662}.Debug|Any CPU.Build.0 = Debug|Any CPU
		{F522DE7C-2C83-4DD8-9095-0E26E3872662}.Release|Any CPU.ActiveCfg = Release|Any CPU
		{F522DE7C-2C83-4DD8-9095-0E26E3872662}.Release|Any CPU.Build.0 = Release|Any CPU
		{68ACE3B9-9632-42F0-B089-64A2CA5D6BAF}.Debug|Any CPU.ActiveCfg = Debug|Any CPU
		{68ACE3B9-9632-42F0-B089-64A2CA5D6BAF}.Debug|Any CPU.Build.0 = Debug|Any CPU
		{68ACE3B9-9632-42F0-B089-64A2CA5D6BAF}.Release|Any CPU.ActiveCfg = Release|Any CPU
		{68ACE3B9-9632-42F0-B089-64A2CA5D6BAF}.Release|Any CPU.Build.0 = Release|Any CPU
		{53E7CFEE-9887-4A15-B0B5-6ACAD2E16A7D}.Debug|Any CPU.ActiveCfg = Debug|Any CPU
		{53E7CFEE-9887-4A15-B0B5-6ACAD2E16A7D}.Debug|Any CPU.Build.0 = Debug|Any CPU
		{53E7CFEE-9887-4A15-B0B5-6ACAD2E16A7D}.Release|Any CPU.ActiveCfg = Release|Any CPU
		{53E7CFEE-9887-4A15-B0B5-6ACAD2E16A7D}.Release|Any CPU.Build.0 = Release|Any CPU
		{B6A1BF05-F28F-4C43-AC23-CBBB1F3CD39F}.Debug|Any CPU.ActiveCfg = Debug|Any CPU
		{B6A1BF05-F28F-4C43-AC23-CBBB1F3CD39F}.Debug|Any CPU.Build.0 = Debug|Any CPU
		{B6A1BF05-F28F-4C43-AC23-CBBB1F3CD39F}.Release|Any CPU.ActiveCfg = Release|Any CPU
		{B6A1BF05-F28F-4C43-AC23-CBBB1F3CD39F}.Release|Any CPU.Build.0 = Release|Any CPU
		{19B7EAD4-366C-4A12-B527-F206BCB25393}.Debug|Any CPU.ActiveCfg = Debug|Any CPU
		{19B7EAD4-366C-4A12-B527-F206BCB25393}.Debug|Any CPU.Build.0 = Debug|Any CPU
		{19B7EAD4-366C-4A12-B527-F206BCB25393}.Release|Any CPU.ActiveCfg = Release|Any CPU
		{19B7EAD4-366C-4A12-B527-F206BCB25393}.Release|Any CPU.Build.0 = Release|Any CPU
		{8FCD8476-6560-40BC-83D9-B5720A3B3857}.Debug|Any CPU.ActiveCfg = Debug|Any CPU
		{8FCD8476-6560-40BC-83D9-B5720A3B3857}.Debug|Any CPU.Build.0 = Debug|Any CPU
		{8FCD8476-6560-40BC-83D9-B5720A3B3857}.Release|Any CPU.ActiveCfg = Release|Any CPU
		{8FCD8476-6560-40BC-83D9-B5720A3B3857}.Release|Any CPU.Build.0 = Release|Any CPU
		{09E228C6-0B89-4080-B600-F83131BAC726}.Debug|Any CPU.ActiveCfg = Debug|Any CPU
		{09E228C6-0B89-4080-B600-F83131BAC726}.Debug|Any CPU.Build.0 = Debug|Any CPU
		{09E228C6-0B89-4080-B600-F83131BAC726}.Release|Any CPU.ActiveCfg = Release|Any CPU
		{09E228C6-0B89-4080-B600-F83131BAC726}.Release|Any CPU.Build.0 = Release|Any CPU
		{02674FEC-C75F-4D45-8FC3-40E66E76D86C}.Debug|Any CPU.ActiveCfg = Debug|Any CPU
		{02674FEC-C75F-4D45-8FC3-40E66E76D86C}.Debug|Any CPU.Build.0 = Debug|Any CPU
		{02674FEC-C75F-4D45-8FC3-40E66E76D86C}.Release|Any CPU.ActiveCfg = Release|Any CPU
		{02674FEC-C75F-4D45-8FC3-40E66E76D86C}.Release|Any CPU.Build.0 = Release|Any CPU
		{3BCF4B47-2568-4064-A182-4270B0C86F0D}.Debug|Any CPU.ActiveCfg = Debug|Any CPU
		{3BCF4B47-2568-4064-A182-4270B0C86F0D}.Debug|Any CPU.Build.0 = Debug|Any CPU
		{3BCF4B47-2568-4064-A182-4270B0C86F0D}.Release|Any CPU.ActiveCfg = Release|Any CPU
		{3BCF4B47-2568-4064-A182-4270B0C86F0D}.Release|Any CPU.Build.0 = Release|Any CPU
		{AD0AABE3-0A77-4E03-A790-287B5B61F1E8}.Debug|Any CPU.ActiveCfg = Debug|Any CPU
		{AD0AABE3-0A77-4E03-A790-287B5B61F1E8}.Debug|Any CPU.Build.0 = Debug|Any CPU
		{AD0AABE3-0A77-4E03-A790-287B5B61F1E8}.Release|Any CPU.ActiveCfg = Release|Any CPU
		{AD0AABE3-0A77-4E03-A790-287B5B61F1E8}.Release|Any CPU.Build.0 = Release|Any CPU
		{FD34160E-26A1-4A44-84AB-E84EEF846FEE}.Debug|Any CPU.ActiveCfg = Debug|Any CPU
		{FD34160E-26A1-4A44-84AB-E84EEF846FEE}.Debug|Any CPU.Build.0 = Debug|Any CPU
		{FD34160E-26A1-4A44-84AB-E84EEF846FEE}.Release|Any CPU.ActiveCfg = Release|Any CPU
		{FD34160E-26A1-4A44-84AB-E84EEF846FEE}.Release|Any CPU.Build.0 = Release|Any CPU
		{E6167B8D-2E5E-4C96-9C6D-A0102962F945}.Debug|Any CPU.ActiveCfg = Debug|Any CPU
		{E6167B8D-2E5E-4C96-9C6D-A0102962F945}.Debug|Any CPU.Build.0 = Debug|Any CPU
		{E6167B8D-2E5E-4C96-9C6D-A0102962F945}.Release|Any CPU.ActiveCfg = Release|Any CPU
		{E6167B8D-2E5E-4C96-9C6D-A0102962F945}.Release|Any CPU.Build.0 = Release|Any CPU
		{EE97BC9A-729D-496B-8EF0-CA64F5D97333}.Debug|Any CPU.ActiveCfg = Debug|Any CPU
		{EE97BC9A-729D-496B-8EF0-CA64F5D97333}.Debug|Any CPU.Build.0 = Debug|Any CPU
		{EE97BC9A-729D-496B-8EF0-CA64F5D97333}.Release|Any CPU.ActiveCfg = Release|Any CPU
		{EE97BC9A-729D-496B-8EF0-CA64F5D97333}.Release|Any CPU.Build.0 = Release|Any CPU
		{13B2FC49-CC80-4333-9BBD-4A378B1FA22A}.Debug|Any CPU.ActiveCfg = Debug|Any CPU
		{13B2FC49-CC80-4333-9BBD-4A378B1FA22A}.Debug|Any CPU.Build.0 = Debug|Any CPU
		{13B2FC49-CC80-4333-9BBD-4A378B1FA22A}.Release|Any CPU.ActiveCfg = Release|Any CPU
		{13B2FC49-CC80-4333-9BBD-4A378B1FA22A}.Release|Any CPU.Build.0 = Release|Any CPU
		{16881948-8EE9-478F-8A3F-3ED2A8C088FF}.Debug|Any CPU.ActiveCfg = Debug|Any CPU
		{16881948-8EE9-478F-8A3F-3ED2A8C088FF}.Debug|Any CPU.Build.0 = Debug|Any CPU
		{16881948-8EE9-478F-8A3F-3ED2A8C088FF}.Release|Any CPU.ActiveCfg = Release|Any CPU
		{16881948-8EE9-478F-8A3F-3ED2A8C088FF}.Release|Any CPU.Build.0 = Release|Any CPU
		{9485DDD7-78A2-40BD-BC4C-D3A47625A858}.Debug|Any CPU.ActiveCfg = Debug|Any CPU
		{9485DDD7-78A2-40BD-BC4C-D3A47625A858}.Debug|Any CPU.Build.0 = Debug|Any CPU
		{9485DDD7-78A2-40BD-BC4C-D3A47625A858}.Release|Any CPU.ActiveCfg = Release|Any CPU
		{9485DDD7-78A2-40BD-BC4C-D3A47625A858}.Release|Any CPU.Build.0 = Release|Any CPU
		{86D62BEC-076E-4F41-B6CC-FD2B5FE5B038}.Debug|Any CPU.ActiveCfg = Debug|Any CPU
		{86D62BEC-076E-4F41-B6CC-FD2B5FE5B038}.Debug|Any CPU.Build.0 = Debug|Any CPU
		{86D62BEC-076E-4F41-B6CC-FD2B5FE5B038}.Release|Any CPU.ActiveCfg = Release|Any CPU
		{86D62BEC-076E-4F41-B6CC-FD2B5FE5B038}.Release|Any CPU.Build.0 = Release|Any CPU
		{60E5C727-A5E9-446D-9489-F4F60165952E}.Debug|Any CPU.ActiveCfg = Debug|Any CPU
		{60E5C727-A5E9-446D-9489-F4F60165952E}.Debug|Any CPU.Build.0 = Debug|Any CPU
		{60E5C727-A5E9-446D-9489-F4F60165952E}.Release|Any CPU.ActiveCfg = Release|Any CPU
		{60E5C727-A5E9-446D-9489-F4F60165952E}.Release|Any CPU.Build.0 = Release|Any CPU
		{2834C053-83A8-489B-974D-DD4753527859}.Debug|Any CPU.ActiveCfg = Debug|Any CPU
		{2834C053-83A8-489B-974D-DD4753527859}.Debug|Any CPU.Build.0 = Debug|Any CPU
		{2834C053-83A8-489B-974D-DD4753527859}.Release|Any CPU.ActiveCfg = Release|Any CPU
		{2834C053-83A8-489B-974D-DD4753527859}.Release|Any CPU.Build.0 = Release|Any CPU
	EndGlobalSection
	GlobalSection(SolutionProperties) = preSolution
		HideSolutionNode = FALSE
	EndGlobalSection
	GlobalSection(NestedProjects) = preSolution
		{481ED3CF-3DC0-463D-8FFD-C8A222C1E570} = {48CC1F7F-DD1C-451E-9B50-E7C7066922BA}
		{C19D1528-94EA-4C87-8702-E9508312743A} = {931DE218-8311-4ECF-9B95-2A070DDA5B27}
		{347B7408-FF1A-4270-9CC3-F856293BD8BE} = {6EAC7615-5475-46F9-ABFD-BA9A2A255CAD}
		{E555AF6D-9C98-4B49-866B-50511EB45774} = {6EAC7615-5475-46F9-ABFD-BA9A2A255CAD}
		{94383451-7663-49B0-A1DE-A99C6A84B82E} = {F5CF4EBA-3551-405A-A89E-844B8880FF32}
		{1226116C-A7F5-4B19-AFB3-65CDD800977E} = {6EAC7615-5475-46F9-ABFD-BA9A2A255CAD}
		{977EA161-EB18-42C0-9BB0-164B32B6CD97} = {6EAC7615-5475-46F9-ABFD-BA9A2A255CAD}
		{26C28F17-BD3B-4593-A6A2-DCD421B19FD5} = {9F328D05-7232-443C-8B00-25B6580C5569}
		{B1D79ADF-9A95-4448-9FEA-BCE91308A1DF} = {9FB1AE10-37C9-4276-A3AD-4306EE481B46}
		{F522DE7C-2C83-4DD8-9095-0E26E3872662} = {48CC1F7F-DD1C-451E-9B50-E7C7066922BA}
		{68ACE3B9-9632-42F0-B089-64A2CA5D6BAF} = {9FB1AE10-37C9-4276-A3AD-4306EE481B46}
		{53E7CFEE-9887-4A15-B0B5-6ACAD2E16A7D} = {931DE218-8311-4ECF-9B95-2A070DDA5B27}
		{B6A1BF05-F28F-4C43-AC23-CBBB1F3CD39F} = {9FB1AE10-37C9-4276-A3AD-4306EE481B46}
		{19B7EAD4-366C-4A12-B527-F206BCB25393} = {931DE218-8311-4ECF-9B95-2A070DDA5B27}
		{8FCD8476-6560-40BC-83D9-B5720A3B3857} = {931DE218-8311-4ECF-9B95-2A070DDA5B27}
		{09E228C6-0B89-4080-B600-F83131BAC726} = {931DE218-8311-4ECF-9B95-2A070DDA5B27}
		{02674FEC-C75F-4D45-8FC3-40E66E76D86C} = {48CC1F7F-DD1C-451E-9B50-E7C7066922BA}
		{3BCF4B47-2568-4064-A182-4270B0C86F0D} = {9FB1AE10-37C9-4276-A3AD-4306EE481B46}
		{AD0AABE3-0A77-4E03-A790-287B5B61F1E8} = {C46BB3E3-3328-400B-BEE4-BD18E1BE4F29}
		{FD34160E-26A1-4A44-84AB-E84EEF846FEE} = {9FB1AE10-37C9-4276-A3AD-4306EE481B46}
		{E6167B8D-2E5E-4C96-9C6D-A0102962F945} = {9FB1AE10-37C9-4276-A3AD-4306EE481B46}
		{EE97BC9A-729D-496B-8EF0-CA64F5D97333} = {48CC1F7F-DD1C-451E-9B50-E7C7066922BA}
		{13B2FC49-CC80-4333-9BBD-4A378B1FA22A} = {48CC1F7F-DD1C-451E-9B50-E7C7066922BA}
		{16881948-8EE9-478F-8A3F-3ED2A8C088FF} = {48CC1F7F-DD1C-451E-9B50-E7C7066922BA}
		{F5CF4EBA-3551-405A-A89E-844B8880FF32} = {6EAC7615-5475-46F9-ABFD-BA9A2A255CAD}
		{3E3B1EF7-AE84-4D02-ABF2-ECF68FE2EF44} = {F5CF4EBA-3551-405A-A89E-844B8880FF32}
		{2834C053-83A8-489B-974D-DD4753527859} = {3E3B1EF7-AE84-4D02-ABF2-ECF68FE2EF44}
	EndGlobalSection
EndGlobal
