
Microsoft Visual Studio Solution File, Format Version 12.00
# Visual Studio 15
VisualStudioVersion = 15.0.26430.14
MinimumVisualStudioVersion = 10.0.40219.1
Project("{FAE04EC0-301F-11D3-BF4B-00C04F79EFBC}") = "petlaFOR", "petlaFOR\petlaFOR.csproj", "{BE835027-2F05-4A56-A445-390DD1F8059C}"
EndProject
Global
	GlobalSection(SolutionConfigurationPlatforms) = preSolution
		Debug|Any CPU = Debug|Any CPU
		Release|Any CPU = Release|Any CPU
	EndGlobalSection
	GlobalSection(ProjectConfigurationPlatforms) = postSolution
		{BE835027-2F05-4A56-A445-390DD1F8059C}.Debug|Any CPU.ActiveCfg = Debug|Any CPU
		{BE835027-2F05-4A56-A445-390DD1F8059C}.Debug|Any CPU.Build.0 = Debug|Any CPU
		{BE835027-2F05-4A56-A445-390DD1F8059C}.Release|Any CPU.ActiveCfg = Release|Any CPU
		{BE835027-2F05-4A56-A445-390DD1F8059C}.Release|Any CPU.Build.0 = Release|Any CPU
	EndGlobalSection
	GlobalSection(SolutionProperties) = preSolution
		HideSolutionNode = FALSE
	EndGlobalSection
EndGlobal
