
Microsoft Visual Studio Solution File, Format Version 12.00
# Visual Studio 15
VisualStudioVersion = 15.0.26430.14
MinimumVisualStudioVersion = 10.0.40219.1
Project("{FAE04EC0-301F-11D3-BF4B-00C04F79EFBC}") = "4 zadania z tablica", "4 zadania z tablica\4 zadania z tablica.csproj", "{62215DC6-EE3D-4F26-B172-34D4F14BA152}"
EndProject
Global
	GlobalSection(SolutionConfigurationPlatforms) = preSolution
		Debug|Any CPU = Debug|Any CPU
		Release|Any CPU = Release|Any CPU
	EndGlobalSection
	GlobalSection(ProjectConfigurationPlatforms) = postSolution
		{62215DC6-EE3D-4F26-B172-34D4F14BA152}.Debug|Any CPU.ActiveCfg = Debug|Any CPU
		{62215DC6-EE3D-4F26-B172-34D4F14BA152}.Debug|Any CPU.Build.0 = Debug|Any CPU
		{62215DC6-EE3D-4F26-B172-34D4F14BA152}.Release|Any CPU.ActiveCfg = Release|Any CPU
		{62215DC6-EE3D-4F26-B172-34D4F14BA152}.Release|Any CPU.Build.0 = Release|Any CPU
	EndGlobalSection
	GlobalSection(SolutionProperties) = preSolution
		HideSolutionNode = FALSE
	EndGlobalSection
EndGlobal
