
Microsoft Visual Studio Solution File, Format Version 12.00
# Visual Studio 15
VisualStudioVersion = 15.0.26430.14
MinimumVisualStudioVersion = 10.0.40219.1
Project("{FAE04EC0-301F-11D3-BF4B-00C04F79EFBC}") = "zadanie z tablica", "zadanie z tablica\zadanie z tablica.csproj", "{92FEFAD1-F2E6-41EC-A079-B7913CF93DC9}"
EndProject
Project("{FAE04EC0-301F-11D3-BF4B-00C04F79EFBC}") = "zadanie z trainingu", "zadanie z trainingu\zadanie z trainingu.csproj", "{FF658199-4ED7-4877-8D3B-B0B5AFFC2CF5}"
EndProject
Global
	GlobalSection(SolutionConfigurationPlatforms) = preSolution
		Debug|Any CPU = Debug|Any CPU
		Release|Any CPU = Release|Any CPU
	EndGlobalSection
	GlobalSection(ProjectConfigurationPlatforms) = postSolution
		{92FEFAD1-F2E6-41EC-A079-B7913CF93DC9}.Debug|Any CPU.ActiveCfg = Debug|Any CPU
		{92FEFAD1-F2E6-41EC-A079-B7913CF93DC9}.Debug|Any CPU.Build.0 = Debug|Any CPU
		{92FEFAD1-F2E6-41EC-A079-B7913CF93DC9}.Release|Any CPU.ActiveCfg = Release|Any CPU
		{92FEFAD1-F2E6-41EC-A079-B7913CF93DC9}.Release|Any CPU.Build.0 = Release|Any CPU
		{FF658199-4ED7-4877-8D3B-B0B5AFFC2CF5}.Debug|Any CPU.ActiveCfg = Debug|Any CPU
		{FF658199-4ED7-4877-8D3B-B0B5AFFC2CF5}.Debug|Any CPU.Build.0 = Debug|Any CPU
		{FF658199-4ED7-4877-8D3B-B0B5AFFC2CF5}.Release|Any CPU.ActiveCfg = Release|Any CPU
		{FF658199-4ED7-4877-8D3B-B0B5AFFC2CF5}.Release|Any CPU.Build.0 = Release|Any CPU
	EndGlobalSection
	GlobalSection(SolutionProperties) = preSolution
		HideSolutionNode = FALSE
	EndGlobalSection
EndGlobal
