
Microsoft Visual Studio Solution File, Format Version 12.00
# Visual Studio 2012
Project("{FAE04EC0-301F-11D3-BF4B-00C04F79EFBC}") = "Toci.Training.GosiaN", "Toci.Training.GosiaN.csproj", "{1FBD1AE1-882B-4A04-8307-448876E40A5B}"
EndProject
Global
	GlobalSection(SolutionConfigurationPlatforms) = preSolution
		Debug|Any CPU = Debug|Any CPU
		Release|Any CPU = Release|Any CPU
	EndGlobalSection
	GlobalSection(ProjectConfigurationPlatforms) = postSolution
		{1FBD1AE1-882B-4A04-8307-448876E40A5B}.Debug|Any CPU.ActiveCfg = Debug|Any CPU
		{1FBD1AE1-882B-4A04-8307-448876E40A5B}.Debug|Any CPU.Build.0 = Debug|Any CPU
		{1FBD1AE1-882B-4A04-8307-448876E40A5B}.Release|Any CPU.ActiveCfg = Release|Any CPU
		{1FBD1AE1-882B-4A04-8307-448876E40A5B}.Release|Any CPU.Build.0 = Release|Any CPU
	EndGlobalSection
EndGlobal
